
Microsoft Visual Studio Solution File, Format Version 12.00
# Visual Studio 15
VisualStudioVersion = 15.0.27428.2027
MinimumVisualStudioVersion = 10.0.40219.1
Project("{FAE04EC0-301F-11D3-BF4B-00C04F79EFBC}") = "Homework2", "Homework2.csproj", "{2D583F1B-2B0C-4AFA-9EEC-B8C64060BBD1}"
EndProject
Global
	GlobalSection(SolutionConfigurationPlatforms) = preSolution
		Debug|Any CPU = Debug|Any CPU
		Release|Any CPU = Release|Any CPU
	EndGlobalSection
	GlobalSection(ProjectConfigurationPlatforms) = postSolution
		{2D583F1B-2B0C-4AFA-9EEC-B8C64060BBD1}.Debug|Any CPU.ActiveCfg = Debug|Any CPU
		{2D583F1B-2B0C-4AFA-9EEC-B8C64060BBD1}.Debug|Any CPU.Build.0 = Debug|Any CPU
		{2D583F1B-2B0C-4AFA-9EEC-B8C64060BBD1}.Release|Any CPU.ActiveCfg = Release|Any CPU
		{2D583F1B-2B0C-4AFA-9EEC-B8C64060BBD1}.Release|Any CPU.Build.0 = Release|Any CPU
	EndGlobalSection
	GlobalSection(SolutionProperties) = preSolution
		HideSolutionNode = FALSE
	EndGlobalSection
	GlobalSection(ExtensibilityGlobals) = postSolution
		SolutionGuid = {0C6C3B9B-DE08-48E0-ABDE-EA918C86BD68}
	EndGlobalSection
EndGlobal
